
Microsoft Visual Studio Solution File, Format Version 12.00
# Visual Studio 15
VisualStudioVersion = 15.0.28307.852
MinimumVisualStudioVersion = 10.0.40219.1
Project("{FAE04EC0-301F-11D3-BF4B-00C04F79EFBC}") = "4", "4\4.csproj", "{8A002E76-EFF1-4DF0-8D24-E1F823791EE9}"
EndProject
Global
	GlobalSection(SolutionConfigurationPlatforms) = preSolution
		Debug|Any CPU = Debug|Any CPU
		Release|Any CPU = Release|Any CPU
	EndGlobalSection
	GlobalSection(ProjectConfigurationPlatforms) = postSolution
		{8A002E76-EFF1-4DF0-8D24-E1F823791EE9}.Debug|Any CPU.ActiveCfg = Debug|Any CPU
		{8A002E76-EFF1-4DF0-8D24-E1F823791EE9}.Debug|Any CPU.Build.0 = Debug|Any CPU
		{8A002E76-EFF1-4DF0-8D24-E1F823791EE9}.Release|Any CPU.ActiveCfg = Release|Any CPU
		{8A002E76-EFF1-4DF0-8D24-E1F823791EE9}.Release|Any CPU.Build.0 = Release|Any CPU
	EndGlobalSection
	GlobalSection(SolutionProperties) = preSolution
		HideSolutionNode = FALSE
	EndGlobalSection
	GlobalSection(ExtensibilityGlobals) = postSolution
		SolutionGuid = {4949A9E7-8071-4C04-B893-78C3AE5B8518}
	EndGlobalSection
EndGlobal
